
Microsoft Visual Studio Solution File, Format Version 12.00
# Visual Studio Version 17
VisualStudioVersion = 17.7.34202.233
MinimumVisualStudioVersion = 10.0.40219.1
Project("{FAE04EC0-301F-11D3-BF4B-00C04F79EFBC}") = "dotNet6App", "dotNet6App\dotNet6App.csproj", "{28367815-9C0A-437D-9452-ED8E902D6D4D}"
EndProject
Project("{FAE04EC0-301F-11D3-BF4B-00C04F79EFBC}") = "dotNet4App", "dotNet4App\dotNet4App.csproj", "{BB5C7A79-167F-4DD4-AF84-5B3420025CCF}"
EndProject
Global
	GlobalSection(SolutionConfigurationPlatforms) = preSolution
		Debug|Any CPU = Debug|Any CPU
		Release|Any CPU = Release|Any CPU
	EndGlobalSection
	GlobalSection(ProjectConfigurationPlatforms) = postSolution
		{28367815-9C0A-437D-9452-ED8E902D6D4D}.Debug|Any CPU.ActiveCfg = Debug|Any CPU
		{28367815-9C0A-437D-9452-ED8E902D6D4D}.Debug|Any CPU.Build.0 = Debug|Any CPU
		{28367815-9C0A-437D-9452-ED8E902D6D4D}.Release|Any CPU.ActiveCfg = Release|Any CPU
		{28367815-9C0A-437D-9452-ED8E902D6D4D}.Release|Any CPU.Build.0 = Release|Any CPU
		{BB5C7A79-167F-4DD4-AF84-5B3420025CCF}.Debug|Any CPU.ActiveCfg = Debug|Any CPU
		{BB5C7A79-167F-4DD4-AF84-5B3420025CCF}.Debug|Any CPU.Build.0 = Debug|Any CPU
		{BB5C7A79-167F-4DD4-AF84-5B3420025CCF}.Release|Any CPU.ActiveCfg = Release|Any CPU
		{BB5C7A79-167F-4DD4-AF84-5B3420025CCF}.Release|Any CPU.Build.0 = Release|Any CPU
	EndGlobalSection
	GlobalSection(SolutionProperties) = preSolution
		HideSolutionNode = FALSE
	EndGlobalSection
	GlobalSection(ExtensibilityGlobals) = postSolution
		SolutionGuid = {EF40792D-FD7F-4444-BBF7-A53EF60A0B0B}
	EndGlobalSection
EndGlobal
